
Microsoft Visual Studio Solution File, Format Version 12.00
# Visual Studio Version 17
VisualStudioVersion = 17.7.34031.279
MinimumVisualStudioVersion = 10.0.40219.1
Project("{FAE04EC0-301F-11D3-BF4B-00C04F79EFBC}") = "C# Example", "C# Example\C# Example.csproj", "{A1924322-1636-49DC-8F86-BAC7391F4454}"
EndProject
Global
	GlobalSection(SolutionConfigurationPlatforms) = preSolution
		Debug|Any CPU = Debug|Any CPU
		Release|Any CPU = Release|Any CPU
	EndGlobalSection
	GlobalSection(ProjectConfigurationPlatforms) = postSolution
		{A1924322-1636-49DC-8F86-BAC7391F4454}.Debug|Any CPU.ActiveCfg = Debug|Any CPU
		{A1924322-1636-49DC-8F86-BAC7391F4454}.Debug|Any CPU.Build.0 = Debug|Any CPU
		{A1924322-1636-49DC-8F86-BAC7391F4454}.Release|Any CPU.ActiveCfg = Release|Any CPU
		{A1924322-1636-49DC-8F86-BAC7391F4454}.Release|Any CPU.Build.0 = Release|Any CPU
	EndGlobalSection
	GlobalSection(SolutionProperties) = preSolution
		HideSolutionNode = FALSE
	EndGlobalSection
	GlobalSection(ExtensibilityGlobals) = postSolution
		SolutionGuid = {10E98564-55F1-48DB-91F2-3C0A50FDC2E4}
	EndGlobalSection
EndGlobal
